
Microsoft Visual Studio Solution File, Format Version 12.00
# Visual Studio Version 17
VisualStudioVersion = 17.6.33815.320
MinimumVisualStudioVersion = 10.0.40219.1
Project("{FAE04EC0-301F-11D3-BF4B-00C04F79EFBC}") = "ConAppAssignment11", "ConAppAssignment11.csproj", "{9FEE6F0D-9039-430F-8279-1914F8AF088A}"
EndProject
Global
	GlobalSection(SolutionConfigurationPlatforms) = preSolution
		Debug|Any CPU = Debug|Any CPU
		Release|Any CPU = Release|Any CPU
	EndGlobalSection
	GlobalSection(ProjectConfigurationPlatforms) = postSolution
		{9FEE6F0D-9039-430F-8279-1914F8AF088A}.Debug|Any CPU.ActiveCfg = Debug|Any CPU
		{9FEE6F0D-9039-430F-8279-1914F8AF088A}.Debug|Any CPU.Build.0 = Debug|Any CPU
		{9FEE6F0D-9039-430F-8279-1914F8AF088A}.Release|Any CPU.ActiveCfg = Release|Any CPU
		{9FEE6F0D-9039-430F-8279-1914F8AF088A}.Release|Any CPU.Build.0 = Release|Any CPU
	EndGlobalSection
	GlobalSection(SolutionProperties) = preSolution
		HideSolutionNode = FALSE
	EndGlobalSection
	GlobalSection(ExtensibilityGlobals) = postSolution
		SolutionGuid = {72D63855-7257-4132-A551-040C3CB5D5D6}
	EndGlobalSection
EndGlobal
